// !$*UTF8*$!
{
	archiveVersion = 1;
	classes = {
	};
	objectVersion = 50;
	objects = {

/* Begin PBXBuildFile section */
		455AFED225A0412F001695B3 /* Alamofire.framework in Frameworks */ = {isa = PBXBuildFile; fileRef = 455AFED125A0412F001695B3 /* Alamofire.framework */; };
		455AFED425A04136001695B3 /* Masonry.framework in Frameworks */ = {isa = PBXBuildFile; fileRef = 455AFED325A04136001695B3 /* Masonry.framework */; };
		455AFED625A0413B001695B3 /* SnapKit.framework in Frameworks */ = {isa = PBXBuildFile; fileRef = 455AFED525A0413B001695B3 /* SnapKit.framework */; };
		455AFF3625A050B9001695B3 /* lamp_on.png in Resources */ = {isa = PBXBuildFile; fileRef = 455AFF3425A050B9001695B3 /* lamp_on.png */; };
		455AFF3725A050B9001695B3 /* lamp_off.png in Resources */ = {isa = PBXBuildFile; fileRef = 455AFF3525A050B9001695B3 /* lamp_off.png */; };
		455AFF4125A05D72001695B3 /* 2.png in Resources */ = {isa = PBXBuildFile; fileRef = 455AFF3B25A05D71001695B3 /* 2.png */; };
		455AFF4225A05D72001695B3 /* 3.png in Resources */ = {isa = PBXBuildFile; fileRef = 455AFF3C25A05D71001695B3 /* 3.png */; };
		455AFF4325A05D72001695B3 /* 1.png in Resources */ = {isa = PBXBuildFile; fileRef = 455AFF3D25A05D72001695B3 /* 1.png */; };
		455AFF4425A05D72001695B3 /* 4.png in Resources */ = {isa = PBXBuildFile; fileRef = 455AFF3E25A05D72001695B3 /* 4.png */; };
		455AFF4525A05D72001695B3 /* 5.png in Resources */ = {isa = PBXBuildFile; fileRef = 455AFF3F25A05D72001695B3 /* 5.png */; };
		455AFF4625A05D72001695B3 /* 6.png in Resources */ = {isa = PBXBuildFile; fileRef = 455AFF4025A05D72001695B3 /* 6.png */; };
		8419588A2467D48900252E83 /* AppDelegate.swift in Sources */ = {isa = PBXBuildFile; fileRef = 841958892467D48900252E83 /* AppDelegate.swift */; };
		8419588C2467D48900252E83 /* SceneDelegate.swift in Sources */ = {isa = PBXBuildFile; fileRef = 8419588B2467D48900252E83 /* SceneDelegate.swift */; };
		841958932467D48A00252E83 /* Assets.xcassets in Resources */ = {isa = PBXBuildFile; fileRef = 841958922467D48A00252E83 /* Assets.xcassets */; };
		841958962467D48A00252E83 /* LaunchScreen.storyboard in Resources */ = {isa = PBXBuildFile; fileRef = 841958942467D48A00252E83 /* LaunchScreen.storyboard */; };
		841958A12467D48A00252E83 /* testProjectTests.swift in Sources */ = {isa = PBXBuildFile; fileRef = 841958A02467D48A00252E83 /* testProjectTests.swift */; };
		841958AC2467D48A00252E83 /* testProjectUITests.swift in Sources */ = {isa = PBXBuildFile; fileRef = 841958AB2467D48A00252E83 /* testProjectUITests.swift */; };
		841958BA2467D60500252E83 /* MainViewController.swift in Sources */ = {isa = PBXBuildFile; fileRef = 841958B92467D60500252E83 /* MainViewController.swift */; };
/* End PBXBuildFile section */

/* Begin PBXContainerItemProxy section */
		8419589D2467D48A00252E83 /* PBXContainerItemProxy */ = {
			isa = PBXContainerItemProxy;
			containerPortal = 8419587E2467D48900252E83 /* Project object */;
			proxyType = 1;
			remoteGlobalIDString = 841958852467D48900252E83;
			remoteInfo = testProject;
		};
		841958A82467D48A00252E83 /* PBXContainerItemProxy */ = {
			isa = PBXContainerItemProxy;
			containerPortal = 8419587E2467D48900252E83 /* Project object */;
			proxyType = 1;
			remoteGlobalIDString = 841958852467D48900252E83;
			remoteInfo = testProject;
		};
/* End PBXContainerItemProxy section */

/* Begin PBXFileReference section */
		455AFED125A0412F001695B3 /* Alamofire.framework */ = {isa = PBXFileReference; lastKnownFileType = wrapper.framework; name = Alamofire.framework; path = Carthage/Build/iOS/Alamofire.framework; sourceTree = "<group>"; };
		455AFED325A04136001695B3 /* Masonry.framework */ = {isa = PBXFileReference; lastKnownFileType = wrapper.framework; name = Masonry.framework; path = Carthage/Build/iOS/Masonry.framework; sourceTree = "<group>"; };
		455AFED525A0413B001695B3 /* SnapKit.framework */ = {isa = PBXFileReference; lastKnownFileType = wrapper.framework; name = SnapKit.framework; path = Carthage/Build/iOS/SnapKit.framework; sourceTree = "<group>"; };
		455AFF3425A050B9001695B3 /* lamp_on.png */ = {isa = PBXFileReference; lastKnownFileType = image.png; path = lamp_on.png; sourceTree = "<group>"; };
		455AFF3525A050B9001695B3 /* lamp_off.png */ = {isa = PBXFileReference; lastKnownFileType = image.png; path = lamp_off.png; sourceTree = "<group>"; };
		455AFF3B25A05D71001695B3 /* 2.png */ = {isa = PBXFileReference; lastKnownFileType = image.png; path = 2.png; sourceTree = "<group>"; };
		455AFF3C25A05D71001695B3 /* 3.png */ = {isa = PBXFileReference; lastKnownFileType = image.png; path = 3.png; sourceTree = "<group>"; };
		455AFF3D25A05D72001695B3 /* 1.png */ = {isa = PBXFileReference; lastKnownFileType = image.png; path = 1.png; sourceTree = "<group>"; };
		455AFF3E25A05D72001695B3 /* 4.png */ = {isa = PBXFileReference; lastKnownFileType = image.png; path = 4.png; sourceTree = "<group>"; };
		455AFF3F25A05D72001695B3 /* 5.png */ = {isa = PBXFileReference; lastKnownFileType = image.png; path = 5.png; sourceTree = "<group>"; };
		455AFF4025A05D72001695B3 /* 6.png */ = {isa = PBXFileReference; lastKnownFileType = image.png; path = 6.png; sourceTree = "<group>"; };
		841958862467D48900252E83 /* testProject.app */ = {isa = PBXFileReference; explicitFileType = wrapper.application; includeInIndex = 0; path = testProject.app; sourceTree = BUILT_PRODUCTS_DIR; };
		841958892467D48900252E83 /* AppDelegate.swift */ = {isa = PBXFileReference; lastKnownFileType = sourcecode.swift; path = AppDelegate.swift; sourceTree = "<group>"; };
		8419588B2467D48900252E83 /* SceneDelegate.swift */ = {isa = PBXFileReference; lastKnownFileType = sourcecode.swift; path = SceneDelegate.swift; sourceTree = "<group>"; };
		841958922467D48A00252E83 /* Assets.xcassets */ = {isa = PBXFileReference; lastKnownFileType = folder.assetcatalog; path = Assets.xcassets; sourceTree = "<group>"; };
		841958952467D48A00252E83 /* Base */ = {isa = PBXFileReference; lastKnownFileType = file.storyboard; name = Base; path = Base.lproj/LaunchScreen.storyboard; sourceTree = "<group>"; };
		841958972467D48A00252E83 /* Info.plist */ = {isa = PBXFileReference; lastKnownFileType = text.plist.xml; path = Info.plist; sourceTree = "<group>"; };
		8419589C2467D48A00252E83 /* testProjectTests.xctest */ = {isa = PBXFileReference; explicitFileType = wrapper.cfbundle; includeInIndex = 0; path = testProjectTests.xctest; sourceTree = BUILT_PRODUCTS_DIR; };
		841958A02467D48A00252E83 /* testProjectTests.swift */ = {isa = PBXFileReference; lastKnownFileType = sourcecode.swift; path = testProjectTests.swift; sourceTree = "<group>"; };
		841958A22467D48A00252E83 /* Info.plist */ = {isa = PBXFileReference; lastKnownFileType = text.plist.xml; path = Info.plist; sourceTree = "<group>"; };
		841958A72467D48A00252E83 /* testProjectUITests.xctest */ = {isa = PBXFileReference; explicitFileType = wrapper.cfbundle; includeInIndex = 0; path = testProjectUITests.xctest; sourceTree = BUILT_PRODUCTS_DIR; };
		841958AB2467D48A00252E83 /* testProjectUITests.swift */ = {isa = PBXFileReference; lastKnownFileType = sourcecode.swift; path = testProjectUITests.swift; sourceTree = "<group>"; };
		841958AD2467D48A00252E83 /* Info.plist */ = {isa = PBXFileReference; lastKnownFileType = text.plist.xml; path = Info.plist; sourceTree = "<group>"; };
		841958B92467D60500252E83 /* MainViewController.swift */ = {isa = PBXFileReference; lastKnownFileType = sourcecode.swift; path = MainViewController.swift; sourceTree = "<group>"; };
/* End PBXFileReference section */

/* Begin PBXFrameworksBuildPhase section */
		841958832467D48900252E83 /* Frameworks */ = {
			isa = PBXFrameworksBuildPhase;
			buildActionMask = 2147483647;
			files = (
				455AFED225A0412F001695B3 /* Alamofire.framework in Frameworks */,
				455AFED425A04136001695B3 /* Masonry.framework in Frameworks */,
				455AFED625A0413B001695B3 /* SnapKit.framework in Frameworks */,
			);
			runOnlyForDeploymentPostprocessing = 0;
		};
		841958992467D48A00252E83 /* Frameworks */ = {
			isa = PBXFrameworksBuildPhase;
			buildActionMask = 2147483647;
			files = (
			);
			runOnlyForDeploymentPostprocessing = 0;
		};
		841958A42467D48A00252E83 /* Frameworks */ = {
			isa = PBXFrameworksBuildPhase;
			buildActionMask = 2147483647;
			files = (
			);
			runOnlyForDeploymentPostprocessing = 0;
		};
/* End PBXFrameworksBuildPhase section */

/* Begin PBXGroup section */
		455AFED025A0412F001695B3 /* Frameworks */ = {
			isa = PBXGroup;
			children = (
				455AFED525A0413B001695B3 /* SnapKit.framework */,
				455AFED325A04136001695B3 /* Masonry.framework */,
				455AFED125A0412F001695B3 /* Alamofire.framework */,
			);
			name = Frameworks;
			sourceTree = "<group>";
		};
		8419587D2467D48900252E83 = {
			isa = PBXGroup;
			children = (
				841958882467D48900252E83 /* testProject */,
				8419589F2467D48A00252E83 /* testProjectTests */,
				841958AA2467D48A00252E83 /* testProjectUITests */,
				841958872467D48900252E83 /* Products */,
				455AFED025A0412F001695B3 /* Frameworks */,
			);
			sourceTree = "<group>";
		};
		841958872467D48900252E83 /* Products */ = {
			isa = PBXGroup;
			children = (
				841958862467D48900252E83 /* testProject.app */,
				8419589C2467D48A00252E83 /* testProjectTests.xctest */,
				841958A72467D48A00252E83 /* testProjectUITests.xctest */,
			);
			name = Products;
			sourceTree = "<group>";
		};
		841958882467D48900252E83 /* testProject */ = {
			isa = PBXGroup;
			children = (
				841958892467D48900252E83 /* AppDelegate.swift */,
				8419588B2467D48900252E83 /* SceneDelegate.swift */,
				841958922467D48A00252E83 /* Assets.xcassets */,
				841958942467D48A00252E83 /* LaunchScreen.storyboard */,
				841958972467D48A00252E83 /* Info.plist */,
				841958B92467D60500252E83 /* MainViewController.swift */,
				455AFF3525A050B9001695B3 /* lamp_off.png */,
				455AFF3425A050B9001695B3 /* lamp_on.png */,
				455AFF3D25A05D72001695B3 /* 1.png */,
				455AFF3B25A05D71001695B3 /* 2.png */,
				455AFF3C25A05D71001695B3 /* 3.png */,
				455AFF3E25A05D72001695B3 /* 4.png */,
				455AFF3F25A05D72001695B3 /* 5.png */,
				455AFF4025A05D72001695B3 /* 6.png */,
			);
			path = testProject;
			sourceTree = "<group>";
		};
		8419589F2467D48A00252E83 /* testProjectTests */ = {
			isa = PBXGroup;
			children = (
				841958A02467D48A00252E83 /* testProjectTests.swift */,
				841958A22467D48A00252E83 /* Info.plist */,
			);
			path = testProjectTests;
			sourceTree = "<group>";
		};
		841958AA2467D48A00252E83 /* testProjectUITests */ = {
			isa = PBXGroup;
			children = (
				841958AB2467D48A00252E83 /* testProjectUITests.swift */,
				841958AD2467D48A00252E83 /* Info.plist */,
			);
			path = testProjectUITests;
			sourceTree = "<group>";
		};
/* End PBXGroup section */

/* Begin PBXNativeTarget section */
		841958852467D48900252E83 /* testProject */ = {
			isa = PBXNativeTarget;
			buildConfigurationList = 841958B02467D48A00252E83 /* Build configuration list for PBXNativeTarget "testProject" */;
			buildPhases = (
				841958822467D48900252E83 /* Sources */,
				841958832467D48900252E83 /* Frameworks */,
				841958842467D48900252E83 /* Resources */,
				455AFEFB25A04215001695B3 /* ShellScript */,
			);
			buildRules = (
			);
			dependencies = (
			);
			name = testProject;
			productName = testProject;
			productReference = 841958862467D48900252E83 /* testProject.app */;
			productType = "com.apple.product-type.application";
		};
		8419589B2467D48A00252E83 /* testProjectTests */ = {
			isa = PBXNativeTarget;
			buildConfigurationList = 841958B32467D48A00252E83 /* Build configuration list for PBXNativeTarget "testProjectTests" */;
			buildPhases = (
				841958982467D48A00252E83 /* Sources */,
				841958992467D48A00252E83 /* Frameworks */,
				8419589A2467D48A00252E83 /* Resources */,
			);
			buildRules = (
			);
			dependencies = (
				8419589E2467D48A00252E83 /* PBXTargetDependency */,
			);
			name = testProjectTests;
			productName = testProjectTests;
			productReference = 8419589C2467D48A00252E83 /* testProjectTests.xctest */;
			productType = "com.apple.product-type.bundle.unit-test";
		};
		841958A62467D48A00252E83 /* testProjectUITests */ = {
			isa = PBXNativeTarget;
			buildConfigurationList = 841958B62467D48A00252E83 /* Build configuration list for PBXNativeTarget "testProjectUITests" */;
			buildPhases = (
				841958A32467D48A00252E83 /* Sources */,
				841958A42467D48A00252E83 /* Frameworks */,
				841958A52467D48A00252E83 /* Resources */,
			);
			buildRules = (
			);
			dependencies = (
				841958A92467D48A00252E83 /* PBXTargetDependency */,
			);
			name = testProjectUITests;
			productName = testProjectUITests;
			productReference = 841958A72467D48A00252E83 /* testProjectUITests.xctest */;
			productType = "com.apple.product-type.bundle.ui-testing";
		};
/* End PBXNativeTarget section */

/* Begin PBXProject section */
		8419587E2467D48900252E83 /* Project object */ = {
			isa = PBXProject;
			attributes = {
				LastSwiftUpdateCheck = 1140;
				LastUpgradeCheck = 1140;
				ORGANIZATIONNAME = admin;
				TargetAttributes = {
					841958852467D48900252E83 = {
						CreatedOnToolsVersion = 11.4.1;
					};
					8419589B2467D48A00252E83 = {
						CreatedOnToolsVersion = 11.4.1;
						TestTargetID = 841958852467D48900252E83;
					};
					841958A62467D48A00252E83 = {
						CreatedOnToolsVersion = 11.4.1;
						TestTargetID = 841958852467D48900252E83;
					};
				};
			};
			buildConfigurationList = 841958812467D48900252E83 /* Build configuration list for PBXProject "testProject" */;
			compatibilityVersion = "Xcode 9.3";
			developmentRegion = en;
			hasScannedForEncodings = 0;
			knownRegions = (
				en,
				Base,
			);
			mainGroup = 8419587D2467D48900252E83;
			productRefGroup = 841958872467D48900252E83 /* Products */;
			projectDirPath = "";
			projectRoot = "";
			targets = (
				841958852467D48900252E83 /* testProject */,
				8419589B2467D48A00252E83 /* testProjectTests */,
				841958A62467D48A00252E83 /* testProjectUITests */,
			);
		};
/* End PBXProject section */

/* Begin PBXResourcesBuildPhase section */
		841958842467D48900252E83 /* Resources */ = {
			isa = PBXResourcesBuildPhase;
			buildActionMask = 2147483647;
			files = (
				841958962467D48A00252E83 /* LaunchScreen.storyboard in Resources */,
				841958932467D48A00252E83 /* Assets.xcassets in Resources */,
				455AFF4125A05D72001695B3 /* 2.png in Resources */,
				455AFF4225A05D72001695B3 /* 3.png in Resources */,
				455AFF4625A05D72001695B3 /* 6.png in Resources */,
				455AFF4425A05D72001695B3 /* 4.png in Resources */,
				455AFF3625A050B9001695B3 /* lamp_on.png in Resources */,
				455AFF4525A05D72001695B3 /* 5.png in Resources */,
				455AFF3725A050B9001695B3 /* lamp_off.png in Resources */,
				455AFF4325A05D72001695B3 /* 1.png in Resources */,
			);
			runOnlyForDeploymentPostprocessing = 0;
		};
		8419589A2467D48A00252E83 /* Resources */ = {
			isa = PBXResourcesBuildPhase;
			buildActionMask = 2147483647;
			files = (
			);
			runOnlyForDeploymentPostprocessing = 0;
		};
		841958A52467D48A00252E83 /* Resources */ = {
			isa = PBXResourcesBuildPhase;
			buildActionMask = 2147483647;
			files = (
			);
			runOnlyForDeploymentPostprocessing = 0;
		};
/* End PBXResourcesBuildPhase section */

/* Begin PBXShellScriptBuildPhase section */
		455AFEFB25A04215001695B3 /* ShellScript */ = {
			isa = PBXShellScriptBuildPhase;
			buildActionMask = 2147483647;
			files = (
			);
			inputFileListPaths = (
			);
			inputPaths = (
				"$(SRCROOT)/Carthage/Build/iOS/Alamofire.framework",
				"$(SRCROOT)/Carthage/Build/iOS/SnapKit.framework",
				"$(SRCROOT)/Carthage/Build/iOS/Masonry.framework",
			);
			outputFileListPaths = (
			);
			outputPaths = (
			);
			runOnlyForDeploymentPostprocessing = 0;
			shellPath = /bin/sh;
			shellScript = "/usr/local/bin/carthage copy-frameworks\n";
		};
/* End PBXShellScriptBuildPhase section */

/* Begin PBXSourcesBuildPhase section */
		841958822467D48900252E83 /* Sources */ = {
			isa = PBXSourcesBuildPhase;
			buildActionMask = 2147483647;
			files = (
				841958BA2467D60500252E83 /* MainViewController.swift in Sources */,
				8419588A2467D48900252E83 /* AppDelegate.swift in Sources */,
				8419588C2467D48900252E83 /* SceneDelegate.swift in Sources */,
			);
			runOnlyForDeploymentPostprocessing = 0;
		};
		841958982467D48A00252E83 /* Sources */ = {
			isa = PBXSourcesBuildPhase;
			buildActionMask = 2147483647;
			files = (
				841958A12467D48A00252E83 /* testProjectTests.swift in Sources */,
			);
			runOnlyForDeploymentPostprocessing = 0;
		};
		841958A32467D48A00252E83 /* Sources */ = {
			isa = PBXSourcesBuildPhase;
			buildActionMask = 2147483647;
			files = (
				841958AC2467D48A00252E83 /* testProjectUITests.swift in Sources */,
			);
			runOnlyForDeploymentPostprocessing = 0;
		};
/* End PBXSourcesBuildPhase section */

/* Begin PBXTargetDependency section */
		8419589E2467D48A00252E83 /* PBXTargetDependency */ = {
			isa = PBXTargetDependency;
			target = 841958852467D48900252E83 /* testProject */;
			targetProxy = 8419589D2467D48A00252E83 /* PBXContainerItemProxy */;
		};
		841958A92467D48A00252E83 /* PBXTargetDependency */ = {
			isa = PBXTargetDependency;
			target = 841958852467D48900252E83 /* testProject */;
			targetProxy = 841958A82467D48A00252E83 /* PBXContainerItemProxy */;
		};
/* End PBXTargetDependency section */

/* Begin PBXVariantGroup section */
		841958942467D48A00252E83 /* LaunchScreen.storyboard */ = {
			isa = PBXVariantGroup;
			children = (
				841958952467D48A00252E83 /* Base */,
			);
			name = LaunchScreen.storyboard;
			sourceTree = "<group>";
		};
/* End PBXVariantGroup section */

/* Begin XCBuildConfiguration section */
		841958AE2467D48A00252E83 /* Debug */ = {
			isa = XCBuildConfiguration;
			buildSettings = {
				ALWAYS_SEARCH_USER_PATHS = NO;
				CLANG_ANALYZER_NONNULL = YES;
				CLANG_ANALYZER_NUMBER_OBJECT_CONVERSION = YES_AGGRESSIVE;
				CLANG_CXX_LANGUAGE_STANDARD = "gnu++14";
				CLANG_CXX_LIBRARY = "libc++";
				CLANG_ENABLE_MODULES = YES;
				CLANG_ENABLE_OBJC_ARC = YES;
				CLANG_ENABLE_OBJC_WEAK = YES;
				CLANG_WARN_BLOCK_CAPTURE_AUTORELEASING = YES;
				CLANG_WARN_BOOL_CONVERSION = YES;
				CLANG_WARN_COMMA = YES;
				CLANG_WARN_CONSTANT_CONVERSION = YES;
				CLANG_WARN_DEPRECATED_OBJC_IMPLEMENTATIONS = YES;
				CLANG_WARN_DIRECT_OBJC_ISA_USAGE = YES_ERROR;
				CLANG_WARN_DOCUMENTATION_COMMENTS = YES;
				CLANG_WARN_EMPTY_BODY = YES;
				CLANG_WARN_ENUM_CONVERSION = YES;
				CLANG_WARN_INFINITE_RECURSION = YES;
				CLANG_WARN_INT_CONVERSION = YES;
				CLANG_WARN_NON_LITERAL_NULL_CONVERSION = YES;
				CLANG_WARN_OBJC_IMPLICIT_RETAIN_SELF = YES;
				CLANG_WARN_OBJC_LITERAL_CONVERSION = YES;
				CLANG_WARN_OBJC_ROOT_CLASS = YES_ERROR;
				CLANG_WARN_RANGE_LOOP_ANALYSIS = YES;
				CLANG_WARN_STRICT_PROTOTYPES = YES;
				CLANG_WARN_SUSPICIOUS_MOVE = YES;
				CLANG_WARN_UNGUARDED_AVAILABILITY = YES_AGGRESSIVE;
				CLANG_WARN_UNREACHABLE_CODE = YES;
				CLANG_WARN__DUPLICATE_METHOD_MATCH = YES;
				COPY_PHASE_STRIP = NO;
				DEBUG_INFORMATION_FORMAT = dwarf;
				ENABLE_STRICT_OBJC_MSGSEND = YES;
				ENABLE_TESTABILITY = YES;
				GCC_C_LANGUAGE_STANDARD = gnu11;
				GCC_DYNAMIC_NO_PIC = NO;
				GCC_NO_COMMON_BLOCKS = YES;
				GCC_OPTIMIZATION_LEVEL = 0;
				GCC_PREPROCESSOR_DEFINITIONS = (
					"DEBUG=1",
					"$(inherited)",
				);
				GCC_WARN_64_TO_32_BIT_CONVERSION = YES;
				GCC_WARN_ABOUT_RETURN_TYPE = YES_ERROR;
				GCC_WARN_UNDECLARED_SELECTOR = YES;
				GCC_WARN_UNINITIALIZED_AUTOS = YES_AGGRESSIVE;
				GCC_WARN_UNUSED_FUNCTION = YES;
				GCC_WARN_UNUSED_VARIABLE = YES;
				IPHONEOS_DEPLOYMENT_TARGET = 13.4;
				MTL_ENABLE_DEBUG_INFO = INCLUDE_SOURCE;
				MTL_FAST_MATH = YES;
				ONLY_ACTIVE_ARCH = YES;
				SDKROOT = iphoneos;
				SWIFT_ACTIVE_COMPILATION_CONDITIONS = DEBUG;
				SWIFT_OPTIMIZATION_LEVEL = "-Onone";
			};
			name = Debug;
		};
		841958AF2467D48A00252E83 /* Release */ = {
			isa = XCBuildConfiguration;
			buildSettings = {
				ALWAYS_SEARCH_USER_PATHS = NO;
				CLANG_ANALYZER_NONNULL = YES;
				CLANG_ANALYZER_NUMBER_OBJECT_CONVERSION = YES_AGGRESSIVE;
				CLANG_CXX_LANGUAGE_STANDARD = "gnu++14";
				CLANG_CXX_LIBRARY = "libc++";
				CLANG_ENABLE_MODULES = YES;
				CLANG_ENABLE_OBJC_ARC = YES;
				CLANG_ENABLE_OBJC_WEAK = YES;
				CLANG_WARN_BLOCK_CAPTURE_AUTORELEASING = YES;
				CLANG_WARN_BOOL_CONVERSION = YES;
				CLANG_WARN_COMMA = YES;
				CLANG_WARN_CONSTANT_CONVERSION = YES;
				CLANG_WARN_DEPRECATED_OBJC_IMPLEMENTATIONS = YES;
				CLANG_WARN_DIRECT_OBJC_ISA_USAGE = YES_ERROR;
				CLANG_WARN_DOCUMENTATION_COMMENTS = YES;
				CLANG_WARN_EMPTY_BODY = YES;
				CLANG_WARN_ENUM_CONVERSION = YES;
				CLANG_WARN_INFINITE_RECURSION = YES;
				CLANG_WARN_INT_CONVERSION = YES;
				CLANG_WARN_NON_LITERAL_NULL_CONVERSION = YES;
				CLANG_WARN_OBJC_IMPLICIT_RETAIN_SELF = YES;
				CLANG_WARN_OBJC_LITERAL_CONVERSION = YES;
				CLANG_WARN_OBJC_ROOT_CLASS = YES_ERROR;
				CLANG_WARN_RANGE_LOOP_ANALYSIS = YES;
				CLANG_WARN_STRICT_PROTOTYPES = YES;
				CLANG_WARN_SUSPICIOUS_MOVE = YES;
				CLANG_WARN_UNGUARDED_AVAILABILITY = YES_AGGRESSIVE;
				CLANG_WARN_UNREACHABLE_CODE = YES;
				CLANG_WARN__DUPLICATE_METHOD_MATCH = YES;
				COPY_PHASE_STRIP = NO;
				DEBUG_INFORMATION_FORMAT = "dwarf-with-dsym";
				ENABLE_NS_ASSERTIONS = NO;
				ENABLE_STRICT_OBJC_MSGSEND = YES;
				GCC_C_LANGUAGE_STANDARD = gnu11;
				GCC_NO_COMMON_BLOCKS = YES;
				GCC_WARN_64_TO_32_BIT_CONVERSION = YES;
				GCC_WARN_ABOUT_RETURN_TYPE = YES_ERROR;
				GCC_WARN_UNDECLARED_SELECTOR = YES;
				GCC_WARN_UNINITIALIZED_AUTOS = YES_AGGRESSIVE;
				GCC_WARN_UNUSED_FUNCTION = YES;
				GCC_WARN_UNUSED_VARIABLE = YES;
				IPHONEOS_DEPLOYMENT_TARGET = 13.4;
				MTL_ENABLE_DEBUG_INFO = NO;
				MTL_FAST_MATH = YES;
				SDKROOT = iphoneos;
				SWIFT_COMPILATION_MODE = wholemodule;
				SWIFT_OPTIMIZATION_LEVEL = "-O";
				VALIDATE_PRODUCT = YES;
			};
			name = Release;
		};
		841958B12467D48A00252E83 /* Debug */ = {
			isa = XCBuildConfiguration;
			buildSettings = {
				ASSETCATALOG_COMPILER_APPICON_NAME = AppIcon;
				CODE_SIGN_STYLE = Automatic;
				DEVELOPMENT_TEAM = QL8Z974T3C;
				FRAMEWORK_SEARCH_PATHS = (
					"$(inherited)",
					"$(PROJECT_DIR)/Carthage/Build/iOS",
				);
				INFOPLIST_FILE = testProject/Info.plist;
				LD_RUNPATH_SEARCH_PATHS = (
					"$(inherited)",
					"@executable_path/Frameworks",
				);
				PRODUCT_BUNDLE_IDENTIFIER = com.Beom.testProject;
				PRODUCT_NAME = "$(TARGET_NAME)";
				SWIFT_VERSION = 5.0;
				TARGETED_DEVICE_FAMILY = "1,2";
			};
			name = Debug;
		};
		841958B22467D48A00252E83 /* Release */ = {
			isa = XCBuildConfiguration;
			buildSettings = {
				ASSETCATALOG_COMPILER_APPICON_NAME = AppIcon;
				CODE_SIGN_STYLE = Automatic;
				DEVELOPMENT_TEAM = QL8Z974T3C;
				FRAMEWORK_SEARCH_PATHS = (
					"$(inherited)",
					"$(PROJECT_DIR)/Carthage/Build/iOS",
				);
				INFOPLIST_FILE = testProject/Info.plist;
				LD_RUNPATH_SEARCH_PATHS = (
					"$(inherited)",
					"@executable_path/Frameworks",
				);
				PRODUCT_BUNDLE_IDENTIFIER = com.Beom.testProject;
				PRODUCT_NAME = "$(TARGET_NAME)";
				SWIFT_VERSION = 5.0;
				TARGETED_DEVICE_FAMILY = "1,2";
			};
			name = Release;
		};
		841958B42467D48A00252E83 /* Debug */ = {
			isa = XCBuildConfiguration;
			buildSettings = {
				ALWAYS_EMBED_SWIFT_STANDARD_LIBRARIES = YES;
				BUNDLE_LOADER = "$(TEST_HOST)";
				CODE_SIGN_STYLE = Automatic;
				DEVELOPMENT_TEAM = QL8Z974T3C;
				INFOPLIST_FILE = testProjectTests/Info.plist;
				IPHONEOS_DEPLOYMENT_TARGET = 13.4;
				LD_RUNPATH_SEARCH_PATHS = (
					"$(inherited)",
					"@executable_path/Frameworks",
					"@loader_path/Frameworks",
				);
				PRODUCT_BUNDLE_IDENTIFIER = com.Beom.testProjectTests;
				PRODUCT_NAME = "$(TARGET_NAME)";
				SWIFT_VERSION = 5.0;
				TARGETED_DEVICE_FAMILY = "1,2";
				TEST_HOST = "$(BUILT_PRODUCTS_DIR)/testProject.app/testProject";
			};
			name = Debug;
		};
		841958B52467D48A00252E83 /* Release */ = {
			isa = XCBuildConfiguration;
			buildSettings = {
				ALWAYS_EMBED_SWIFT_STANDARD_LIBRARIES = YES;
				BUNDLE_LOADER = "$(TEST_HOST)";
				CODE_SIGN_STYLE = Automatic;
				DEVELOPMENT_TEAM = QL8Z974T3C;
				INFOPLIST_FILE = testProjectTests/Info.plist;
				IPHONEOS_DEPLOYMENT_TARGET = 13.4;
				LD_RUNPATH_SEARCH_PATHS = (
					"$(inherited)",
					"@executable_path/Frameworks",
					"@loader_path/Frameworks",
				);
				PRODUCT_BUNDLE_IDENTIFIER = com.Beom.testProjectTests;
				PRODUCT_NAME = "$(TARGET_NAME)";
				SWIFT_VERSION = 5.0;
				TARGETED_DEVICE_FAMILY = "1,2";
				TEST_HOST = "$(BUILT_PRODUCTS_DIR)/testProject.app/testProject";
			};
			name = Release;
		};
		841958B72467D48A00252E83 /* Debug */ = {
			isa = XCBuildConfiguration;
			buildSettings = {
				ALWAYS_EMBED_SWIFT_STANDARD_LIBRARIES = YES;
				CODE_SIGN_STYLE = Automatic;
				DEVELOPMENT_TEAM = QL8Z974T3C;
				INFOPLIST_FILE = testProjectUITests/Info.plist;
				LD_RUNPATH_SEARCH_PATHS = (
					"$(inherited)",
					"@executable_path/Frameworks",
					"@loader_path/Frameworks",
				);
				PRODUCT_BUNDLE_IDENTIFIER = com.Beom.testProjectUITests;
				PRODUCT_NAME = "$(TARGET_NAME)";
				SWIFT_VERSION = 5.0;
				TARGETED_DEVICE_FAMILY = "1,2";
				TEST_TARGET_NAME = testProject;
			};
			name = Debug;
		};
		841958B82467D48A00252E83 /* Release */ = {
			isa = XCBuildConfiguration;
			buildSettings = {
				ALWAYS_EMBED_SWIFT_STANDARD_LIBRARIES = YES;
				CODE_SIGN_STYLE = Automatic;
				DEVELOPMENT_TEAM = QL8Z974T3C;
				INFOPLIST_FILE = testProjectUITests/Info.plist;
				LD_RUNPATH_SEARCH_PATHS = (
					"$(inherited)",
					"@executable_path/Frameworks",
					"@loader_path/Frameworks",
				);
				PRODUCT_BUNDLE_IDENTIFIER = com.Beom.testProjectUITests;
				PRODUCT_NAME = "$(TARGET_NAME)";
				SWIFT_VERSION = 5.0;
				TARGETED_DEVICE_FAMILY = "1,2";
				TEST_TARGET_NAME = testProject;
			};
			name = Release;
		};
/* End XCBuildConfiguration section */

/* Begin XCConfigurationList section */
		841958812467D48900252E83 /* Build configuration list for PBXProject "testProject" */ = {
			isa = XCConfigurationList;
			buildConfigurations = (
				841958AE2467D48A00252E83 /* Debug */,
				841958AF2467D48A00252E83 /* Release */,
			);
			defaultConfigurationIsVisible = 0;
			defaultConfigurationName = Release;
		};
		841958B02467D48A00252E83 /* Build configuration list for PBXNativeTarget "testProject" */ = {
			isa = XCConfigurationList;
			buildConfigurations = (
				841958B12467D48A00252E83 /* Debug */,
				841958B22467D48A00252E83 /* Release */,
			);
			defaultConfigurationIsVisible = 0;
			defaultConfigurationName = Release;
		};
		841958B32467D48A00252E83 /* Build configuration list for PBXNativeTarget "testProjectTests" */ = {
			isa = XCConfigurationList;
			buildConfigurations = (
				841958B42467D48A00252E83 /* Debug */,
				841958B52467D48A00252E83 /* Release */,
			);
			defaultConfigurationIsVisible = 0;
			defaultConfigurationName = Release;
		};
		841958B62467D48A00252E83 /* Build configuration list for PBXNativeTarget "testProjectUITests" */ = {
			isa = XCConfigurationList;
			buildConfigurations = (
				841958B72467D48A00252E83 /* Debug */,
				841958B82467D48A00252E83 /* Release */,
			);
			defaultConfigurationIsVisible = 0;
			defaultConfigurationName = Release;
		};
/* End XCConfigurationList section */
	};
	rootObject = 8419587E2467D48900252E83 /* Project object */;
}
